
Microsoft Visual Studio Solution File, Format Version 12.00
# Visual Studio Version 16
VisualStudioVersion = 16.0.810.25
MinimumVisualStudioVersion = 10.0.40219.1
Project("{FAE04EC0-301F-11D3-BF4B-00C04F79EFBC}") = "netcore-sample-web-api", "netcore-sample-web-api\netcore-sample-web-api.csproj", "{C8C4E145-6BB9-4339-BE46-03CDF6B2B71F}"
EndProject
Global
	GlobalSection(SolutionConfigurationPlatforms) = preSolution
		Debug|Any CPU = Debug|Any CPU
		Release|Any CPU = Release|Any CPU
	EndGlobalSection
	GlobalSection(ProjectConfigurationPlatforms) = postSolution
		{C8C4E145-6BB9-4339-BE46-03CDF6B2B71F}.Debug|Any CPU.ActiveCfg = Debug|Any CPU
		{C8C4E145-6BB9-4339-BE46-03CDF6B2B71F}.Debug|Any CPU.Build.0 = Debug|Any CPU
		{C8C4E145-6BB9-4339-BE46-03CDF6B2B71F}.Release|Any CPU.ActiveCfg = Release|Any CPU
		{C8C4E145-6BB9-4339-BE46-03CDF6B2B71F}.Release|Any CPU.Build.0 = Release|Any CPU
	EndGlobalSection
	GlobalSection(SolutionProperties) = preSolution
		HideSolutionNode = FALSE
	EndGlobalSection
	GlobalSection(ExtensibilityGlobals) = postSolution
		SolutionGuid = {E8654F75-D10F-42AE-ADB1-067795F474B5}
	EndGlobalSection
EndGlobal
